
Microsoft Visual Studio Solution File, Format Version 12.00
# Visual Studio 2012
VisualStudioVersion = 14.0.22823.1
MinimumVisualStudioVersion = 10.0.40219.1
Project("{FAE04EC0-301F-11D3-BF4B-00C04F79EFBC}") = "FormsBackgrounding", "FormsBackgrounding.csproj", "{3F591595-77FD-4AD5-A7DD-A6BDB88A4369}"
EndProject
Project("{FAE04EC0-301F-11D3-BF4B-00C04F79EFBC}") = "FormsBackgrounding.iOS", "iOS\FormsBackgrounding.iOS.csproj", "{DC639DD0-57F2-4A1D-B37A-7546B296F008}"
EndProject
Project("{FAE04EC0-301F-11D3-BF4B-00C04F79EFBC}") = "FormsBackgrounding.Droid", "Droid\FormsBackgrounding.Droid.csproj", "{2CBA994D-4AB3-4C0C-B84B-6A1295F6305F}"
EndProject
Global
	GlobalSection(SolutionConfigurationPlatforms) = preSolution
		Debug|Any CPU = Debug|Any CPU
		Debug|iPhone = Debug|iPhone
		Debug|iPhoneSimulator = Debug|iPhoneSimulator
		Release|Any CPU = Release|Any CPU
		Release|iPhone = Release|iPhone
		Release|iPhoneSimulator = Release|iPhoneSimulator
	EndGlobalSection
	GlobalSection(ProjectConfigurationPlatforms) = postSolution
		{2CBA994D-4AB3-4C0C-B84B-6A1295F6305F}.Debug|Any CPU.ActiveCfg = Debug|Any CPU
		{2CBA994D-4AB3-4C0C-B84B-6A1295F6305F}.Debug|Any CPU.Build.0 = Debug|Any CPU
		{2CBA994D-4AB3-4C0C-B84B-6A1295F6305F}.Debug|Any CPU.Deploy.0 = Debug|Any CPU
		{2CBA994D-4AB3-4C0C-B84B-6A1295F6305F}.Debug|iPhone.ActiveCfg = Debug|Any CPU
		{2CBA994D-4AB3-4C0C-B84B-6A1295F6305F}.Debug|iPhone.Build.0 = Debug|Any CPU
		{2CBA994D-4AB3-4C0C-B84B-6A1295F6305F}.Debug|iPhoneSimulator.ActiveCfg = Debug|Any CPU
		{2CBA994D-4AB3-4C0C-B84B-6A1295F6305F}.Debug|iPhoneSimulator.Build.0 = Debug|Any CPU
		{2CBA994D-4AB3-4C0C-B84B-6A1295F6305F}.Release|Any CPU.ActiveCfg = Release|Any CPU
		{2CBA994D-4AB3-4C0C-B84B-6A1295F6305F}.Release|Any CPU.Build.0 = Release|Any CPU
		{2CBA994D-4AB3-4C0C-B84B-6A1295F6305F}.Release|iPhone.ActiveCfg = Release|Any CPU
		{2CBA994D-4AB3-4C0C-B84B-6A1295F6305F}.Release|iPhone.Build.0 = Release|Any CPU
		{2CBA994D-4AB3-4C0C-B84B-6A1295F6305F}.Release|iPhoneSimulator.ActiveCfg = Release|Any CPU
		{2CBA994D-4AB3-4C0C-B84B-6A1295F6305F}.Release|iPhoneSimulator.Build.0 = Release|Any CPU
		{3F591595-77FD-4AD5-A7DD-A6BDB88A4369}.Debug|Any CPU.ActiveCfg = Debug|Any CPU
		{3F591595-77FD-4AD5-A7DD-A6BDB88A4369}.Debug|Any CPU.Build.0 = Debug|Any CPU
		{3F591595-77FD-4AD5-A7DD-A6BDB88A4369}.Debug|iPhone.ActiveCfg = Debug|Any CPU
		{3F591595-77FD-4AD5-A7DD-A6BDB88A4369}.Debug|iPhone.Build.0 = Debug|Any CPU
		{3F591595-77FD-4AD5-A7DD-A6BDB88A4369}.Debug|iPhoneSimulator.ActiveCfg = Debug|Any CPU
		{3F591595-77FD-4AD5-A7DD-A6BDB88A4369}.Debug|iPhoneSimulator.Build.0 = Debug|Any CPU
		{3F591595-77FD-4AD5-A7DD-A6BDB88A4369}.Release|Any CPU.ActiveCfg = Release|Any CPU
		{3F591595-77FD-4AD5-A7DD-A6BDB88A4369}.Release|Any CPU.Build.0 = Release|Any CPU
		{3F591595-77FD-4AD5-A7DD-A6BDB88A4369}.Release|iPhone.ActiveCfg = Release|Any CPU
		{3F591595-77FD-4AD5-A7DD-A6BDB88A4369}.Release|iPhone.Build.0 = Release|Any CPU
		{3F591595-77FD-4AD5-A7DD-A6BDB88A4369}.Release|iPhoneSimulator.ActiveCfg = Release|Any CPU
		{3F591595-77FD-4AD5-A7DD-A6BDB88A4369}.Release|iPhoneSimulator.Build.0 = Release|Any CPU
		{DC639DD0-57F2-4A1D-B37A-7546B296F008}.Debug|Any CPU.ActiveCfg = Debug|iPhoneSimulator
		{DC639DD0-57F2-4A1D-B37A-7546B296F008}.Debug|Any CPU.Build.0 = Debug|iPhoneSimulator
		{DC639DD0-57F2-4A1D-B37A-7546B296F008}.Debug|iPhone.ActiveCfg = Debug|iPhone
		{DC639DD0-57F2-4A1D-B37A-7546B296F008}.Debug|iPhone.Build.0 = Debug|iPhone
		{DC639DD0-57F2-4A1D-B37A-7546B296F008}.Debug|iPhoneSimulator.ActiveCfg = Debug|iPhoneSimulator
		{DC639DD0-57F2-4A1D-B37A-7546B296F008}.Debug|iPhoneSimulator.Build.0 = Debug|iPhoneSimulator
		{DC639DD0-57F2-4A1D-B37A-7546B296F008}.Debug|iPhoneSimulator.Deploy.0 = Debug|iPhoneSimulator
		{DC639DD0-57F2-4A1D-B37A-7546B296F008}.Release|Any CPU.ActiveCfg = Release|iPhone
		{DC639DD0-57F2-4A1D-B37A-7546B296F008}.Release|Any CPU.Build.0 = Release|iPhone
		{DC639DD0-57F2-4A1D-B37A-7546B296F008}.Release|iPhone.ActiveCfg = Release|iPhone
		{DC639DD0-57F2-4A1D-B37A-7546B296F008}.Release|iPhone.Build.0 = Release|iPhone
		{DC639DD0-57F2-4A1D-B37A-7546B296F008}.Release|iPhoneSimulator.ActiveCfg = Release|iPhoneSimulator
		{DC639DD0-57F2-4A1D-B37A-7546B296F008}.Release|iPhoneSimulator.Build.0 = Release|iPhoneSimulator
	EndGlobalSection
	GlobalSection(SolutionProperties) = preSolution
		HideSolutionNode = FALSE
	EndGlobalSection
EndGlobal
